
Microsoft Visual Studio Solution File, Format Version 12.00
# Visual Studio 15
VisualStudioVersion = 15.0.28307.645
MinimumVisualStudioVersion = 10.0.40219.1
Project("{9A19103F-16F7-4668-BE54-9A1E7A4F7556}") = "Torch", "src\Torch\Torch.csproj", "{9B271082-8643-4C07-AEAA-767404FAC32A}"
EndProject
Project("{9A19103F-16F7-4668-BE54-9A1E7A4F7556}") = "Torch.UnitTest", "test\Torch.UnitTest\Torch.UnitTest.csproj", "{C525ECD3-A4B4-46E3-A3C1-ADE77E0C7491}"
EndProject
Project("{9A19103F-16F7-4668-BE54-9A1E7A4F7556}") = "Python.Runtime", "..\pythonnet\src\runtime\Python.Runtime.csproj", "{75F990E3-495C-497D-8310-2407E12E0206}"
EndProject
Project("{9A19103F-16F7-4668-BE54-9A1E7A4F7556}") = "Torch.ApiGenerator", "src\Torch.CodeGenerator\Torch.ApiGenerator.csproj", "{A1C7F925-C5FD-4AFE-976F-133D02A4409B}"
EndProject
Project("{9A19103F-16F7-4668-BE54-9A1E7A4F7556}") = "CodeMinion.Core", "..\CodeMinion\src\CodeMinion.Core\CodeMinion.Core.csproj", "{036916A6-AE4D-4231-A590-2FBA9879B31D}"
EndProject
Global
	GlobalSection(SolutionConfigurationPlatforms) = preSolution
		Debug|Any CPU = Debug|Any CPU
		DebugMono|Any CPU = DebugMono|Any CPU
		DebugMonoPY3|Any CPU = DebugMonoPY3|Any CPU
		DebugWin|Any CPU = DebugWin|Any CPU
		DebugWinPY3|Any CPU = DebugWinPY3|Any CPU
		Release|Any CPU = Release|Any CPU
		ReleaseMono|Any CPU = ReleaseMono|Any CPU
		ReleaseMonoPY3|Any CPU = ReleaseMonoPY3|Any CPU
		ReleaseWin|Any CPU = ReleaseWin|Any CPU
		ReleaseWinPY3|Any CPU = ReleaseWinPY3|Any CPU
	EndGlobalSection
	GlobalSection(ProjectConfigurationPlatforms) = postSolution
		{9B271082-8643-4C07-AEAA-767404FAC32A}.Debug|Any CPU.ActiveCfg = Debug|Any CPU
		{9B271082-8643-4C07-AEAA-767404FAC32A}.Debug|Any CPU.Build.0 = Debug|Any CPU
		{9B271082-8643-4C07-AEAA-767404FAC32A}.DebugMono|Any CPU.ActiveCfg = Debug|Any CPU
		{9B271082-8643-4C07-AEAA-767404FAC32A}.DebugMono|Any CPU.Build.0 = Debug|Any CPU
		{9B271082-8643-4C07-AEAA-767404FAC32A}.DebugMonoPY3|Any CPU.ActiveCfg = Debug|Any CPU
		{9B271082-8643-4C07-AEAA-767404FAC32A}.DebugMonoPY3|Any CPU.Build.0 = Debug|Any CPU
		{9B271082-8643-4C07-AEAA-767404FAC32A}.DebugWin|Any CPU.ActiveCfg = Debug|Any CPU
		{9B271082-8643-4C07-AEAA-767404FAC32A}.DebugWin|Any CPU.Build.0 = Debug|Any CPU
		{9B271082-8643-4C07-AEAA-767404FAC32A}.DebugWinPY3|Any CPU.ActiveCfg = Debug|Any CPU
		{9B271082-8643-4C07-AEAA-767404FAC32A}.DebugWinPY3|Any CPU.Build.0 = Debug|Any CPU
		{9B271082-8643-4C07-AEAA-767404FAC32A}.Release|Any CPU.ActiveCfg = Release|Any CPU
		{9B271082-8643-4C07-AEAA-767404FAC32A}.Release|Any CPU.Build.0 = Release|Any CPU
		{9B271082-8643-4C07-AEAA-767404FAC32A}.ReleaseMono|Any CPU.ActiveCfg = Release|Any CPU
		{9B271082-8643-4C07-AEAA-767404FAC32A}.ReleaseMono|Any CPU.Build.0 = Release|Any CPU
		{9B271082-8643-4C07-AEAA-767404FAC32A}.ReleaseMonoPY3|Any CPU.ActiveCfg = Release|Any CPU
		{9B271082-8643-4C07-AEAA-767404FAC32A}.ReleaseMonoPY3|Any CPU.Build.0 = Release|Any CPU
		{9B271082-8643-4C07-AEAA-767404FAC32A}.ReleaseWin|Any CPU.ActiveCfg = Release|Any CPU
		{9B271082-8643-4C07-AEAA-767404FAC32A}.ReleaseWin|Any CPU.Build.0 = Release|Any CPU
		{9B271082-8643-4C07-AEAA-767404FAC32A}.ReleaseWinPY3|Any CPU.ActiveCfg = Release|Any CPU
		{9B271082-8643-4C07-AEAA-767404FAC32A}.ReleaseWinPY3|Any CPU.Build.0 = Release|Any CPU
		{C525ECD3-A4B4-46E3-A3C1-ADE77E0C7491}.Debug|Any CPU.ActiveCfg = Debug|Any CPU
		{C525ECD3-A4B4-46E3-A3C1-ADE77E0C7491}.Debug|Any CPU.Build.0 = Debug|Any CPU
		{C525ECD3-A4B4-46E3-A3C1-ADE77E0C7491}.DebugMono|Any CPU.ActiveCfg = Debug|Any CPU
		{C525ECD3-A4B4-46E3-A3C1-ADE77E0C7491}.DebugMono|Any CPU.Build.0 = Debug|Any CPU
		{C525ECD3-A4B4-46E3-A3C1-ADE77E0C7491}.DebugMonoPY3|Any CPU.ActiveCfg = Debug|Any CPU
		{C525ECD3-A4B4-46E3-A3C1-ADE77E0C7491}.DebugMonoPY3|Any CPU.Build.0 = Debug|Any CPU
		{C525ECD3-A4B4-46E3-A3C1-ADE77E0C7491}.DebugWin|Any CPU.ActiveCfg = Debug|Any CPU
		{C525ECD3-A4B4-46E3-A3C1-ADE77E0C7491}.DebugWin|Any CPU.Build.0 = Debug|Any CPU
		{C525ECD3-A4B4-46E3-A3C1-ADE77E0C7491}.DebugWinPY3|Any CPU.ActiveCfg = Debug|Any CPU
		{C525ECD3-A4B4-46E3-A3C1-ADE77E0C7491}.DebugWinPY3|Any CPU.Build.0 = Debug|Any CPU
		{C525ECD3-A4B4-46E3-A3C1-ADE77E0C7491}.Release|Any CPU.ActiveCfg = Release|Any CPU
		{C525ECD3-A4B4-46E3-A3C1-ADE77E0C7491}.Release|Any CPU.Build.0 = Release|Any CPU
		{C525ECD3-A4B4-46E3-A3C1-ADE77E0C7491}.ReleaseMono|Any CPU.ActiveCfg = Release|Any CPU
		{C525ECD3-A4B4-46E3-A3C1-ADE77E0C7491}.ReleaseMono|Any CPU.Build.0 = Release|Any CPU
		{C525ECD3-A4B4-46E3-A3C1-ADE77E0C7491}.ReleaseMonoPY3|Any CPU.ActiveCfg = Release|Any CPU
		{C525ECD3-A4B4-46E3-A3C1-ADE77E0C7491}.ReleaseMonoPY3|Any CPU.Build.0 = Release|Any CPU
		{C525ECD3-A4B4-46E3-A3C1-ADE77E0C7491}.ReleaseWin|Any CPU.ActiveCfg = Release|Any CPU
		{C525ECD3-A4B4-46E3-A3C1-ADE77E0C7491}.ReleaseWin|Any CPU.Build.0 = Release|Any CPU
		{C525ECD3-A4B4-46E3-A3C1-ADE77E0C7491}.ReleaseWinPY3|Any CPU.ActiveCfg = Release|Any CPU
		{C525ECD3-A4B4-46E3-A3C1-ADE77E0C7491}.ReleaseWinPY3|Any CPU.Build.0 = Release|Any CPU
		{75F990E3-495C-497D-8310-2407E12E0206}.Debug|Any CPU.ActiveCfg = Debug|Any CPU
		{75F990E3-495C-497D-8310-2407E12E0206}.Debug|Any CPU.Build.0 = Debug|Any CPU
		{75F990E3-495C-497D-8310-2407E12E0206}.DebugMono|Any CPU.ActiveCfg = Debug|Any CPU
		{75F990E3-495C-497D-8310-2407E12E0206}.DebugMono|Any CPU.Build.0 = Debug|Any CPU
		{75F990E3-495C-497D-8310-2407E12E0206}.DebugMonoPY3|Any CPU.ActiveCfg = Debug|Any CPU
		{75F990E3-495C-497D-8310-2407E12E0206}.DebugMonoPY3|Any CPU.Build.0 = Debug|Any CPU
		{75F990E3-495C-497D-8310-2407E12E0206}.DebugWin|Any CPU.ActiveCfg = Debug|Any CPU
		{75F990E3-495C-497D-8310-2407E12E0206}.DebugWin|Any CPU.Build.0 = Debug|Any CPU
		{75F990E3-495C-497D-8310-2407E12E0206}.DebugWinPY3|Any CPU.ActiveCfg = Debug|Any CPU
		{75F990E3-495C-497D-8310-2407E12E0206}.DebugWinPY3|Any CPU.Build.0 = Debug|Any CPU
		{75F990E3-495C-497D-8310-2407E12E0206}.Release|Any CPU.ActiveCfg = Release|Any CPU
		{75F990E3-495C-497D-8310-2407E12E0206}.Release|Any CPU.Build.0 = Release|Any CPU
		{75F990E3-495C-497D-8310-2407E12E0206}.ReleaseMono|Any CPU.ActiveCfg = Release|Any CPU
		{75F990E3-495C-497D-8310-2407E12E0206}.ReleaseMono|Any CPU.Build.0 = Release|Any CPU
		{75F990E3-495C-497D-8310-2407E12E0206}.ReleaseMonoPY3|Any CPU.ActiveCfg = Release|Any CPU
		{75F990E3-495C-497D-8310-2407E12E0206}.ReleaseMonoPY3|Any CPU.Build.0 = Release|Any CPU
		{75F990E3-495C-497D-8310-2407E12E0206}.ReleaseWin|Any CPU.ActiveCfg = Release|Any CPU
		{75F990E3-495C-497D-8310-2407E12E0206}.ReleaseWin|Any CPU.Build.0 = Release|Any CPU
		{75F990E3-495C-497D-8310-2407E12E0206}.ReleaseWinPY3|Any CPU.ActiveCfg = Release|Any CPU
		{75F990E3-495C-497D-8310-2407E12E0206}.ReleaseWinPY3|Any CPU.Build.0 = Release|Any CPU
		{A1C7F925-C5FD-4AFE-976F-133D02A4409B}.Debug|Any CPU.ActiveCfg = Debug|Any CPU
		{A1C7F925-C5FD-4AFE-976F-133D02A4409B}.Debug|Any CPU.Build.0 = Debug|Any CPU
		{A1C7F925-C5FD-4AFE-976F-133D02A4409B}.DebugMono|Any CPU.ActiveCfg = Debug|Any CPU
		{A1C7F925-C5FD-4AFE-976F-133D02A4409B}.DebugMono|Any CPU.Build.0 = Debug|Any CPU
		{A1C7F925-C5FD-4AFE-976F-133D02A4409B}.DebugMonoPY3|Any CPU.ActiveCfg = Debug|Any CPU
		{A1C7F925-C5FD-4AFE-976F-133D02A4409B}.DebugMonoPY3|Any CPU.Build.0 = Debug|Any CPU
		{A1C7F925-C5FD-4AFE-976F-133D02A4409B}.DebugWin|Any CPU.ActiveCfg = Debug|Any CPU
		{A1C7F925-C5FD-4AFE-976F-133D02A4409B}.DebugWin|Any CPU.Build.0 = Debug|Any CPU
		{A1C7F925-C5FD-4AFE-976F-133D02A4409B}.DebugWinPY3|Any CPU.ActiveCfg = Debug|Any CPU
		{A1C7F925-C5FD-4AFE-976F-133D02A4409B}.DebugWinPY3|Any CPU.Build.0 = Debug|Any CPU
		{A1C7F925-C5FD-4AFE-976F-133D02A4409B}.Release|Any CPU.ActiveCfg = Release|Any CPU
		{A1C7F925-C5FD-4AFE-976F-133D02A4409B}.Release|Any CPU.Build.0 = Release|Any CPU
		{A1C7F925-C5FD-4AFE-976F-133D02A4409B}.ReleaseMono|Any CPU.ActiveCfg = Release|Any CPU
		{A1C7F925-C5FD-4AFE-976F-133D02A4409B}.ReleaseMono|Any CPU.Build.0 = Release|Any CPU
		{A1C7F925-C5FD-4AFE-976F-133D02A4409B}.ReleaseMonoPY3|Any CPU.ActiveCfg = Release|Any CPU
		{A1C7F925-C5FD-4AFE-976F-133D02A4409B}.ReleaseMonoPY3|Any CPU.Build.0 = Release|Any CPU
		{A1C7F925-C5FD-4AFE-976F-133D02A4409B}.ReleaseWin|Any CPU.ActiveCfg = Release|Any CPU
		{A1C7F925-C5FD-4AFE-976F-133D02A4409B}.ReleaseWin|Any CPU.Build.0 = Release|Any CPU
		{A1C7F925-C5FD-4AFE-976F-133D02A4409B}.ReleaseWinPY3|Any CPU.ActiveCfg = Release|Any CPU
		{A1C7F925-C5FD-4AFE-976F-133D02A4409B}.ReleaseWinPY3|Any CPU.Build.0 = Release|Any CPU
		{036916A6-AE4D-4231-A590-2FBA9879B31D}.Debug|Any CPU.ActiveCfg = Debug|Any CPU
		{036916A6-AE4D-4231-A590-2FBA9879B31D}.Debug|Any CPU.Build.0 = Debug|Any CPU
		{036916A6-AE4D-4231-A590-2FBA9879B31D}.DebugMono|Any CPU.ActiveCfg = Debug|Any CPU
		{036916A6-AE4D-4231-A590-2FBA9879B31D}.DebugMono|Any CPU.Build.0 = Debug|Any CPU
		{036916A6-AE4D-4231-A590-2FBA9879B31D}.DebugMonoPY3|Any CPU.ActiveCfg = Debug|Any CPU
		{036916A6-AE4D-4231-A590-2FBA9879B31D}.DebugMonoPY3|Any CPU.Build.0 = Debug|Any CPU
		{036916A6-AE4D-4231-A590-2FBA9879B31D}.DebugWin|Any CPU.ActiveCfg = Debug|Any CPU
		{036916A6-AE4D-4231-A590-2FBA9879B31D}.DebugWin|Any CPU.Build.0 = Debug|Any CPU
		{036916A6-AE4D-4231-A590-2FBA9879B31D}.DebugWinPY3|Any CPU.ActiveCfg = Debug|Any CPU
		{036916A6-AE4D-4231-A590-2FBA9879B31D}.DebugWinPY3|Any CPU.Build.0 = Debug|Any CPU
		{036916A6-AE4D-4231-A590-2FBA9879B31D}.Release|Any CPU.ActiveCfg = Release|Any CPU
		{036916A6-AE4D-4231-A590-2FBA9879B31D}.Release|Any CPU.Build.0 = Release|Any CPU
		{036916A6-AE4D-4231-A590-2FBA9879B31D}.ReleaseMono|Any CPU.ActiveCfg = Release|Any CPU
		{036916A6-AE4D-4231-A590-2FBA9879B31D}.ReleaseMono|Any CPU.Build.0 = Release|Any CPU
		{036916A6-AE4D-4231-A590-2FBA9879B31D}.ReleaseMonoPY3|Any CPU.ActiveCfg = Release|Any CPU
		{036916A6-AE4D-4231-A590-2FBA9879B31D}.ReleaseMonoPY3|Any CPU.Build.0 = Release|Any CPU
		{036916A6-AE4D-4231-A590-2FBA9879B31D}.ReleaseWin|Any CPU.ActiveCfg = Release|Any CPU
		{036916A6-AE4D-4231-A590-2FBA9879B31D}.ReleaseWin|Any CPU.Build.0 = Release|Any CPU
		{036916A6-AE4D-4231-A590-2FBA9879B31D}.ReleaseWinPY3|Any CPU.ActiveCfg = Release|Any CPU
		{036916A6-AE4D-4231-A590-2FBA9879B31D}.ReleaseWinPY3|Any CPU.Build.0 = Release|Any CPU
	EndGlobalSection
	GlobalSection(SolutionProperties) = preSolution
		HideSolutionNode = FALSE
	EndGlobalSection
	GlobalSection(ExtensibilityGlobals) = postSolution
		SolutionGuid = {F06B38DB-480C-484E-9AEA-664AC4C641B8}
	EndGlobalSection
EndGlobal
